{
    "_meta": {
        "hash": {
            "sha256": "3395e880087ec133f492b9f22ca116cb9f0200b7c5be86b14c5bc98e6d5935ce"
        },
        "pipfile-spec": 6,
        "requires": {
            "python_version": "3.7"
        },
        "sources": [
            {
                "name": "pypi",
                "url": "https://pypi.org/simple",
                "verify_ssl": true
            }
        ]
    },
    "default": {
        "aiohttp": {
            "hashes": [
                "sha256:00d198585474299c9c3b4f1d5de1a576cc230d562abc5e4a0e81d71a20a6ca55",
                "sha256:0155af66de8c21b8dba4992aaeeabf55503caefae00067a3b1139f86d0ec50ed",
                "sha256:09654a9eca62d1bd6d64aa44db2498f60a5c1e0ac4750953fdd79d5c88955e10",
                "sha256:199f1d106e2b44b6dacdf6f9245493c7d716b01d0b7fbe1959318ba4dc64d1f5",
                "sha256:296f30dedc9f4b9e7a301e5cc963012264112d78a1d3094cd83ef148fdf33ca1",
                "sha256:368ed312550bd663ce84dc4b032a962fcb3c7cae099dbbd48663afc305e3b939",
                "sha256:40d7ea570b88db017c51392349cf99b7aefaaddd19d2c78368aeb0bddde9d390",
                "sha256:629102a193162e37102c50713e2e31dc9a2fe7ac5e481da83e5bb3c0cee700aa",
                "sha256:6d5ec9b8948c3d957e75ea14d41e9330e1ac3fed24ec53766c780f82805140dc",
                "sha256:87331d1d6810214085a50749160196391a712a13336cd02ce1c3ea3d05bcf8d5",
                "sha256:9a02a04bbe581c8605ac423ba3a74999ec9d8bce7ae37977a3d38680f5780b6d",
                "sha256:9c4c83f4fa1938377da32bc2d59379025ceeee8e24b89f72fcbccd8ca22dc9bf",
                "sha256:9cddaff94c0135ee627213ac6ca6d05724bfe6e7a356e5e09ec57bd3249510f6",
                "sha256:a25237abf327530d9561ef751eef9511ab56fd9431023ca6f4803f1994104d72",
                "sha256:a5cbd7157b0e383738b8e29d6e556fde8726823dae0e348952a61742b21aeb12",
                "sha256:a97a516e02b726e089cffcde2eea0d3258450389bbac48cbe89e0f0b6e7b0366",
                "sha256:acc89b29b5f4e2332d65cd1b7d10c609a75b88ef8925d487a611ca788432dfa4",
                "sha256:b05bd85cc99b06740aad3629c2585bda7b83bd86e080b44ba47faf905fdf1300",
                "sha256:c2bec436a2b5dafe5eaeb297c03711074d46b6eb236d002c13c42f25c4a8ce9d",
                "sha256:cc619d974c8c11fe84527e4b5e1c07238799a8c29ea1c1285149170524ba9303",
                "sha256:d4392defd4648badaa42b3e101080ae3313e8f4787cb517efd3f5b8157eaefd6",
                "sha256:e1c3c582ee11af7f63a34a46f0448fca58e59889396ffdae1f482085061a2889"
            ],
            "index": "pypi",
            "version": "==3.5.4"
        },
        "async-timeout": {
            "hashes": [
                "sha256:0c3c816a028d47f659d6ff5c745cb2acf1f966da1fe5c19c77a70282b25f4c5f",
                "sha256:4291ca197d287d274d0b6cb5d6f8f8f82d434ed288f962539ff18cc9012f9ea3"
            ],
            "version": "==3.0.1"
        },
        "attrs": {
            "hashes": [
                "sha256:10cbf6e27dbce8c30807caf056c8eb50917e0eaafe86347671b57254006c3e69",
                "sha256:ca4be454458f9dec299268d472aaa5a11f67a4ff70093396e1ceae9c76cf4bbb"
            ],
            "version": "==18.2.0"
        },
        "chardet": {
            "hashes": [
                "sha256:84ab92ed1c4d4f16916e05906b6b75a6c0fb5db821cc65e70cbd64a3e2a5eaae",
                "sha256:fc323ffcaeaed0e0a02bf4d117757b98aed530d9ed4531e3e15460124c106691"
            ],
            "version": "==3.0.4"
        },
        "cssselect": {
            "hashes": [
                "sha256:066d8bc5229af09617e24b3ca4d52f1f9092d9e061931f4184cd572885c23204",
                "sha256:3b5103e8789da9e936a68d993b70df732d06b8bb9a337a05ed4eb52c17ef7206"
            ],
            "index": "pypi",
            "version": "==1.0.3"
        },
        "decorator": {
            "hashes": [
                "sha256:2c51dff8ef3c447388fe5e4453d24a2bf128d3a4c32af3fabef1f01c6851ab82",
                "sha256:c39efa13fbdeb4506c476c9b3babf6a718da943dab7811c206005a4a956c080c"
            ],
            "version": "==4.3.0"
        },
        "idna": {
            "hashes": [
                "sha256:c357b3f628cf53ae2c4c05627ecc484553142ca23264e593d327bcde5e9c3407",
                "sha256:ea8b7f6188e6fa117537c3df7da9fc686d485087abf6ac197f9c46432f7e4a3c"
            ],
            "version": "==2.8"
        },
        "jsonpath-rw": {
            "hashes": [
                "sha256:05c471281c45ae113f6103d1268ec7a4831a2e96aa80de45edc89b11fac4fbec"
            ],
            "index": "pypi",
            "version": "==1.4.0"
        },
        "lxml": {
            "hashes": [
                "sha256:0dd6589fa75d369ba06d2b5f38dae107f76ea127f212f6a7bee134f6df2d1d21",
                "sha256:1afbac344aa68c29e81ab56c1a9411c3663157b5aee5065b7fa030b398d4f7e0",
                "sha256:1baad9d073692421ad5dbbd81430aba6c7f5fdc347f03537ae046ddf2c9b2297",
                "sha256:1d8736421a2358becd3edf20260e41a06a0bf08a560480d3a5734a6bcbacf591",
                "sha256:1e1d9bddc5afaddf0de76246d3f2152f961697ad7439c559f179002682c45801",
                "sha256:1f179dc8b2643715f020f4d119d5529b02cd794c1c8f305868b73b8674d2a03f",
                "sha256:241fb7bdf97cb1df1edfa8f0bcdfd80525d4023dac4523a241907c8b2f44e541",
                "sha256:2f9765ee5acd3dbdcdc0d0c79309e01f7c16bc8d39b49250bf88de7b46daaf58",
                "sha256:312e1e1b1c3ce0c67e0b8105317323e12807955e8186872affb667dbd67971f6",
                "sha256:3273db1a8055ca70257fd3691c6d2c216544e1a70b673543e15cc077d8e9c730",
                "sha256:34dfaa8c02891f9a246b17a732ca3e99c5e42802416628e740a5d1cb2f50ff49",
                "sha256:3aa3f5288af349a0f3a96448ebf2e57e17332d99f4f30b02093b7948bd9f94cc",
                "sha256:51102e160b9d83c1cc435162d90b8e3c8c93b28d18d87b60c56522d332d26879",
                "sha256:56115fc2e2a4140e8994eb9585119a1ae9223b506826089a3ba753a62bd194a6",
                "sha256:69d83de14dbe8fe51dccfd36f88bf0b40f5debeac763edf9f8325180190eba6e",
                "sha256:99fdce94aeaa3ccbdfcb1e23b34273605c5853aa92ec23d84c84765178662c6c",
                "sha256:a7c0cd5b8a20f3093ee4a67374ccb3b8a126743b15a4d759e2a1bf098faac2b2",
                "sha256:abe12886554634ed95416a46701a917784cb2b4c77bfacac6916681d49bbf83d",
                "sha256:b4f67b5183bd5f9bafaeb76ad119e977ba570d2b0e61202f534ac9b5c33b4485",
                "sha256:bdd7c1658475cc1b867b36d5c4ed4bc316be8d3368abe03d348ba906a1f83b0e",
                "sha256:c6f24149a19f611a415a51b9bc5f17b6c2f698e0d6b41ffb3fa9f24d35d05d73",
                "sha256:d1e111b3ab98613115a208c1017f266478b0ab224a67bc8eac670fa0bad7d488",
                "sha256:d6520aa965773bbab6cb7a791d5895b00d02cf9adc93ac2bf4edb9ac1a6addc5",
                "sha256:dd185cde2ccad7b649593b0cda72021bc8a91667417001dbaf24cd746ecb7c11",
                "sha256:de2e5b0828a9d285f909b5d2e9d43f1cf6cf21fe65bc7660bdaa1780c7b58298",
                "sha256:f726444b8e909c4f41b4fde416e1071cf28fa84634bfb4befdf400933b6463af"
            ],
            "index": "pypi",
            "version": "==4.3.0"
        },
        "multidict": {
            "hashes": [
                "sha256:024b8129695a952ebd93373e45b5d341dbb87c17ce49637b34000093f243dd4f",
                "sha256:041e9442b11409be5e4fc8b6a97e4bcead758ab1e11768d1e69160bdde18acc3",
                "sha256:045b4dd0e5f6121e6f314d81759abd2c257db4634260abcfe0d3f7083c4908ef",
                "sha256:047c0a04e382ef8bd74b0de01407e8d8632d7d1b4db6f2561106af812a68741b",
                "sha256:068167c2d7bbeebd359665ac4fff756be5ffac9cda02375b5c5a7c4777038e73",
                "sha256:148ff60e0fffa2f5fad2eb25aae7bef23d8f3b8bdaf947a65cdbe84a978092bc",
                "sha256:1d1c77013a259971a72ddaa83b9f42c80a93ff12df6a4723be99d858fa30bee3",
                "sha256:1d48bc124a6b7a55006d97917f695effa9725d05abe8ee78fd60d6588b8344cd",
                "sha256:31dfa2fc323097f8ad7acd41aa38d7c614dd1960ac6681745b6da124093dc351",
                "sha256:34f82db7f80c49f38b032c5abb605c458bac997a6c3142e0d6c130be6fb2b941",
                "sha256:3d5dd8e5998fb4ace04789d1d008e2bb532de501218519d70bb672c4c5a2fc5d",
                "sha256:4a6ae52bd3ee41ee0f3acf4c60ceb3f44e0e3bc52ab7da1c2b2aa6703363a3d1",
                "sha256:4b02a3b2a2f01d0490dd39321c74273fed0568568ea0e7ea23e02bd1fb10a10b",
                "sha256:4b843f8e1dd6a3195679d9838eb4670222e8b8d01bc36c9894d6c3538316fa0a",
                "sha256:5de53a28f40ef3c4fd57aeab6b590c2c663de87a5af76136ced519923d3efbb3",
                "sha256:61b2b33ede821b94fa99ce0b09c9ece049c7067a33b279f343adfe35108a4ea7",
                "sha256:6a3a9b0f45fd75dc05d8e93dc21b18fc1670135ec9544d1ad4acbcf6b86781d0",
                "sha256:76ad8e4c69dadbb31bad17c16baee61c0d1a4a73bed2590b741b2e1a46d3edd0",
                "sha256:7ba19b777dc00194d1b473180d4ca89a054dd18de27d0ee2e42a103ec9b7d014",
                "sha256:7c1b7eab7a49aa96f3db1f716f0113a8a2e93c7375dd3d5d21c4941f1405c9c5",
                "sha256:7fc0eee3046041387cbace9314926aa48b681202f8897f8bff3809967a049036",
                "sha256:8ccd1c5fff1aa1427100ce188557fc31f1e0a383ad8ec42c559aabd4ff08802d",
                "sha256:8e08dd76de80539d613654915a2f5196dbccc67448df291e69a88712ea21e24a",
                "sha256:c18498c50c59263841862ea0501da9f2b3659c00db54abfbf823a80787fde8ce",
                "sha256:c49db89d602c24928e68c0d510f4fcf8989d77defd01c973d6cbe27e684833b1",
                "sha256:ce20044d0317649ddbb4e54dab3c1bcc7483c78c27d3f58ab3d0c7e6bc60d26a",
                "sha256:d1071414dd06ca2eafa90c85a079169bfeb0e5f57fd0b45d44c092546fcd6fd9",
                "sha256:d3be11ac43ab1a3e979dac80843b42226d5d3cccd3986f2e03152720a4297cd7",
                "sha256:db603a1c235d110c860d5f39988ebc8218ee028f07a7cbc056ba6424372ca31b"
            ],
            "version": "==4.5.2"
        },
        "ply": {
            "hashes": [
                "sha256:00c7c1aaa88358b9c765b6d3000c6eec0ba42abca5351b095321aef446081da3",
                "sha256:096f9b8350b65ebd2fd1346b12452efe5b9607f7482813ffca50c22722a807ce"
            ],
            "version": "==3.11"
        },
        "six": {
            "hashes": [
                "sha256:3350809f0555b11f552448330d0b52d5f24c91a322ea4a15ef22629740f3761c",
                "sha256:d16a0141ec1a18405cd4ce8b4613101da75da0e9a7aec5bdd4fa804d0e0eba73"
            ],
            "version": "==1.12.0"
        },
        "yarl": {
            "hashes": [
                "sha256:024ecdc12bc02b321bc66b41327f930d1c2c543fa9a561b39861da9388ba7aa9",
                "sha256:2f3010703295fbe1aec51023740871e64bb9664c789cba5a6bdf404e93f7568f",
                "sha256:3890ab952d508523ef4881457c4099056546593fa05e93da84c7250516e632eb",
                "sha256:3e2724eb9af5dc41648e5bb304fcf4891adc33258c6e14e2a7414ea32541e320",
                "sha256:5badb97dd0abf26623a9982cd448ff12cb39b8e4c94032ccdedf22ce01a64842",
                "sha256:73f447d11b530d860ca1e6b582f947688286ad16ca42256413083d13f260b7a0",
                "sha256:7ab825726f2940c16d92aaec7d204cfc34ac26c0040da727cf8ba87255a33829",
                "sha256:b25de84a8c20540531526dfbb0e2d2b648c13fd5dd126728c496d7c3fea33310",
                "sha256:c6e341f5a6562af74ba55205dbd56d248daf1b5748ec48a0200ba227bb9e33f4",
                "sha256:c9bb7c249c4432cd47e75af3864bc02d26c9594f49c82e2a28624417f0ae63b8",
                "sha256:e060906c0c585565c718d1c3841747b61c5439af2211e185f6739a9412dfbde1"
            ],
            "index": "pypi",
            "version": "==1.3.0"
        }
    },
    "develop": {
        "appdirs": {
            "hashes": [
                "sha256:9e5896d1372858f8dd3344faf4e5014d21849c756c8d5701f78f8a103b372d92",
                "sha256:d8b24664561d0d34ddfaec54636d502d7cea6e29c3eaf68f3df6180863e2166e"
            ],
            "version": "==1.4.3"
        },
        "atomicwrites": {
            "hashes": [
                "sha256:0312ad34fcad8fac3704d441f7b317e50af620823353ec657a53e981f92920c0",
                "sha256:ec9ae8adaae229e4f8446952d204a3e4b5fdd2d099f9be3aaf556120135fb3ee"
            ],
            "version": "==1.2.1"
        },
        "attrs": {
            "hashes": [
                "sha256:10cbf6e27dbce8c30807caf056c8eb50917e0eaafe86347671b57254006c3e69",
                "sha256:ca4be454458f9dec299268d472aaa5a11f67a4ff70093396e1ceae9c76cf4bbb"
            ],
            "version": "==18.2.0"
        },
        "black": {
            "hashes": [
                "sha256:817243426042db1d36617910df579a54f1afd659adb96fc5032fcf4b36209739",
                "sha256:e030a9a28f542debc08acceb273f228ac422798e5215ba2a791a6ddeaaca22a5"
            ],
            "index": "pypi",
            "version": "==18.9b0"
        },
        "blinker": {
            "hashes": [
                "sha256:471aee25f3992bd325afa3772f1063dbdbbca947a041b8b89466dc00d606f8b6"
            ],
            "version": "==1.4"
        },
        "brotlipy": {
            "hashes": [
                "sha256:07194f4768eb62a4f4ea76b6d0df6ade185e24ebd85877c351daa0a069f1111a",
                "sha256:091b299bf36dd6ef7a06570dbc98c0f80a504a56c5b797f31934d2ad01ae7d17",
                "sha256:09ec3e125d16749b31c74f021aba809541b3564e5359f8c265cbae442810b41a",
                "sha256:0be698678a114addcf87a4b9496c552c68a2c99bf93cf8e08f5738b392e82057",
                "sha256:0fa6088a9a87645d43d7e21e32b4a6bf8f7c3939015a50158c10972aa7f425b7",
                "sha256:1ea4e578241504b58f2456a6c69952c88866c794648bdc74baee74839da61d44",
                "sha256:2699945a0a992c04fc7dc7fa2f1d0575a2c8b4b769f2874a08e8eae46bef36ae",
                "sha256:2a80319ae13ea8dd60ecdc4f5ccf6da3ae64787765923256b62c598c5bba4121",
                "sha256:2e5c64522364a9ebcdf47c5744a5ddeb3f934742d31e61ebfbbc095460b47162",
                "sha256:36def0b859beaf21910157b4c33eb3b06d8ce459c942102f16988cca6ea164df",
                "sha256:3a3e56ced8b15fbbd363380344f70f3b438e0fd1fcf27b7526b6172ea950e867",
                "sha256:3c1d5e2cf945a46975bdb11a19257fa057b67591eb232f393d260e7246d9e571",
                "sha256:50ca336374131cfad20612f26cc43c637ac0bfd2be3361495e99270883b52962",
                "sha256:5de6f7d010b7558f72f4b061a07395c5c3fd57f0285c5af7f126a677b976a868",
                "sha256:637847560d671657f993313ecc6c6c6666a936b7a925779fd044065c7bc035b9",
                "sha256:653faef61241bf8bf99d73ca7ec4baa63401ba7b2a2aa88958394869379d67c7",
                "sha256:786afc8c9bd67de8d31f46e408a3386331e126829114e4db034f91eacb05396d",
                "sha256:79aaf217072840f3e9a3b641cccc51f7fc23037496bd71e26211856b93f4b4cb",
                "sha256:7e31f7adcc5851ca06134705fcf3478210da45d35ad75ec181e1ce9ce345bb38",
                "sha256:8b39abc3256c978f575df5cd7893153277216474f303e26f0e43ba3d3969ef96",
                "sha256:9448227b0df082e574c45c983fa5cd4bda7bfb11ea6b59def0940c1647be0c3c",
                "sha256:96bc59ff9b5b5552843dc67999486a220e07a0522dddd3935da05dc194fa485c",
                "sha256:a07647886e24e2fb2d68ca8bf3ada398eb56fd8eac46c733d4d95c64d17f743b",
                "sha256:af65d2699cb9f13b26ec3ba09e75e80d31ff422c03675fcb36ee4dabe588fdc2",
                "sha256:b4c98b0d2c9c7020a524ca5bbff42027db1004c6571f8bc7b747f2b843128e7a",
                "sha256:c6cc0036b1304dd0073eec416cb2f6b9e37ac8296afd9e481cac3b1f07f9db25",
                "sha256:d2c1c724c4ac375feb2110f1af98ecdc0e5a8ea79d068efb5891f621a5b235cb",
                "sha256:dc6c5ee0df9732a44d08edab32f8a616b769cc5a4155a12d2d010d248eb3fb07",
                "sha256:fd1d1c64214af5d90014d82cee5d8141b13d44c92ada7a0c0ec0679c6f15a471"
            ],
            "version": "==0.7.0"
        },
        "cffi": {
            "hashes": [
                "sha256:151b7eefd035c56b2b2e1eb9963c90c6302dc15fbd8c1c0a83a163ff2c7d7743",
                "sha256:1553d1e99f035ace1c0544050622b7bc963374a00c467edafac50ad7bd276aef",
                "sha256:1b0493c091a1898f1136e3f4f991a784437fac3673780ff9de3bcf46c80b6b50",
                "sha256:2ba8a45822b7aee805ab49abfe7eec16b90587f7f26df20c71dd89e45a97076f",
                "sha256:3bb6bd7266598f318063e584378b8e27c67de998a43362e8fce664c54ee52d30",
                "sha256:3c85641778460581c42924384f5e68076d724ceac0f267d66c757f7535069c93",
                "sha256:3eb6434197633b7748cea30bf0ba9f66727cdce45117a712b29a443943733257",
                "sha256:495c5c2d43bf6cebe0178eb3e88f9c4aa48d8934aa6e3cddb865c058da76756b",
                "sha256:4c91af6e967c2015729d3e69c2e51d92f9898c330d6a851bf8f121236f3defd3",
                "sha256:57b2533356cb2d8fac1555815929f7f5f14d68ac77b085d2326b571310f34f6e",
                "sha256:770f3782b31f50b68627e22f91cb182c48c47c02eb405fd689472aa7b7aa16dc",
                "sha256:79f9b6f7c46ae1f8ded75f68cf8ad50e5729ed4d590c74840471fc2823457d04",
                "sha256:7a33145e04d44ce95bcd71e522b478d282ad0eafaf34fe1ec5bbd73e662f22b6",
                "sha256:857959354ae3a6fa3da6651b966d13b0a8bed6bbc87a0de7b38a549db1d2a359",
                "sha256:87f37fe5130574ff76c17cab61e7d2538a16f843bb7bca8ebbc4b12de3078596",
                "sha256:95d5251e4b5ca00061f9d9f3d6fe537247e145a8524ae9fd30a2f8fbce993b5b",
                "sha256:9d1d3e63a4afdc29bd76ce6aa9d58c771cd1599fbba8cf5057e7860b203710dd",
                "sha256:a36c5c154f9d42ec176e6e620cb0dd275744aa1d804786a71ac37dc3661a5e95",
                "sha256:a6a5cb8809091ec9ac03edde9304b3ad82ad4466333432b16d78ef40e0cce0d5",
                "sha256:ae5e35a2c189d397b91034642cb0eab0e346f776ec2eb44a49a459e6615d6e2e",
                "sha256:b0f7d4a3df8f06cf49f9f121bead236e328074de6449866515cea4907bbc63d6",
                "sha256:b75110fb114fa366b29a027d0c9be3709579602ae111ff61674d28c93606acca",
                "sha256:ba5e697569f84b13640c9e193170e89c13c6244c24400fc57e88724ef610cd31",
                "sha256:be2a9b390f77fd7676d80bc3cdc4f8edb940d8c198ed2d8c0be1319018c778e1",
                "sha256:ca1bd81f40adc59011f58159e4aa6445fc585a32bb8ac9badf7a2c1aa23822f2",
                "sha256:d5d8555d9bfc3f02385c1c37e9f998e2011f0db4f90e250e5bc0c0a85a813085",
                "sha256:e55e22ac0a30023426564b1059b035973ec82186ddddbac867078435801c7801",
                "sha256:e90f17980e6ab0f3c2f3730e56d1fe9bcba1891eeea58966e89d352492cc74f4",
                "sha256:ecbb7b01409e9b782df5ded849c178a0aa7c906cf8c5a67368047daab282b184",
                "sha256:ed01918d545a38998bfa5902c7c00e0fee90e957ce036a4000a88e3fe2264917",
                "sha256:edabd457cd23a02965166026fd9bfd196f4324fe6032e866d0f3bd0301cd486f",
                "sha256:fdf1c1dc5bafc32bc5d08b054f94d659422b05aba244d6be4ddc1c72d9aa70fb"
            ],
            "version": "==1.11.5"
        },
        "click": {
            "hashes": [
                "sha256:2335065e6395b9e67ca716de5f7526736bfa6ceead690adf616d925bdc622b13",
                "sha256:5b94b49521f6456670fdb30cd82a4eca9412788a93fa6dd6df72c94d5a8ff2d7"
            ],
            "version": "==7.0"
        },
        "coverage": {
            "hashes": [
                "sha256:09e47c529ff77bf042ecfe858fb55c3e3eb97aac2c87f0349ab5a7efd6b3939f",
                "sha256:0a1f9b0eb3aa15c990c328535655847b3420231af299386cfe5efc98f9c250fe",
                "sha256:0cc941b37b8c2ececfed341444a456912e740ecf515d560de58b9a76562d966d",
                "sha256:10e8af18d1315de936d67775d3a814cc81d0747a1a0312d84e27ae5610e313b0",
                "sha256:1b4276550b86caa60606bd3572b52769860a81a70754a54acc8ba789ce74d607",
                "sha256:1e8a2627c48266c7b813975335cfdea58c706fe36f607c97d9392e61502dc79d",
                "sha256:2b224052bfd801beb7478b03e8a66f3f25ea56ea488922e98903914ac9ac930b",
                "sha256:447c450a093766744ab53bf1e7063ec82866f27bcb4f4c907da25ad293bba7e3",
                "sha256:46101fc20c6f6568561cdd15a54018bb42980954b79aa46da8ae6f008066a30e",
                "sha256:4710dc676bb4b779c4361b54eb308bc84d64a2fa3d78e5f7228921eccce5d815",
                "sha256:510986f9a280cd05189b42eee2b69fecdf5bf9651d4cd315ea21d24a964a3c36",
                "sha256:5535dda5739257effef56e49a1c51c71f1d37a6e5607bb25a5eee507c59580d1",
                "sha256:5a7524042014642b39b1fcae85fb37556c200e64ec90824ae9ecf7b667ccfc14",
                "sha256:5f55028169ef85e1fa8e4b8b1b91c0b3b0fa3297c4fb22990d46ff01d22c2d6c",
                "sha256:6694d5573e7790a0e8d3d177d7a416ca5f5c150742ee703f3c18df76260de794",
                "sha256:6831e1ac20ac52634da606b658b0b2712d26984999c9d93f0c6e59fe62ca741b",
                "sha256:77f0d9fa5e10d03aa4528436e33423bfa3718b86c646615f04616294c935f840",
                "sha256:828ad813c7cdc2e71dcf141912c685bfe4b548c0e6d9540db6418b807c345ddd",
                "sha256:85a06c61598b14b015d4df233d249cd5abfa61084ef5b9f64a48e997fd829a82",
                "sha256:8cb4febad0f0b26c6f62e1628f2053954ad2c555d67660f28dfb1b0496711952",
                "sha256:a5c58664b23b248b16b96253880b2868fb34358911400a7ba39d7f6399935389",
                "sha256:aaa0f296e503cda4bc07566f592cd7a28779d433f3a23c48082af425d6d5a78f",
                "sha256:ab235d9fe64833f12d1334d29b558aacedfbca2356dfb9691f2d0d38a8a7bfb4",
                "sha256:b3b0c8f660fae65eac74fbf003f3103769b90012ae7a460863010539bb7a80da",
                "sha256:bab8e6d510d2ea0f1d14f12642e3f35cefa47a9b2e4c7cea1852b52bc9c49647",
                "sha256:c45297bbdbc8bb79b02cf41417d63352b70bcb76f1bbb1ee7d47b3e89e42f95d",
                "sha256:d19bca47c8a01b92640c614a9147b081a1974f69168ecd494687c827109e8f42",
                "sha256:d64b4340a0c488a9e79b66ec9f9d77d02b99b772c8b8afd46c1294c1d39ca478",
                "sha256:da969da069a82bbb5300b59161d8d7c8d423bc4ccd3b410a9b4d8932aeefc14b",
                "sha256:ed02c7539705696ecb7dc9d476d861f3904a8d2b7e894bd418994920935d36bb",
                "sha256:ee5b8abc35b549012e03a7b1e86c09491457dba6c94112a2482b18589cc2bdb9"
            ],
            "version": "==4.5.2"
        },
        "decorator": {
            "hashes": [
                "sha256:2c51dff8ef3c447388fe5e4453d24a2bf128d3a4c32af3fabef1f01c6851ab82",
                "sha256:c39efa13fbdeb4506c476c9b3babf6a718da943dab7811c206005a4a956c080c"
            ],
            "version": "==4.3.0"
        },
        "flake8": {
            "hashes": [
                "sha256:6a35f5b8761f45c5513e3405f110a86bea57982c3b75b766ce7b65217abe1670",
                "sha256:c01f8a3963b3571a8e6bd7a4063359aff90749e160778e03817cd9b71c9e07d2"
            ],
            "index": "pypi",
            "version": "==3.6.0"
        },
        "flask": {
            "hashes": [
                "sha256:2271c0070dbcb5275fad4a82e29f23ab92682dc45f9dfbc22c02ba9b9322ce48",
                "sha256:a080b744b7e345ccfcbc77954861cb05b3c63786e93f2b3875e0913d44b43f05"
            ],
            "version": "==1.0.2"
        },
        "httpbin": {
            "hashes": [
                "sha256:7a04b5904c80b7aa04dd0a6af6520d68ce17a5db175e66a64b971f8e93d73a26",
                "sha256:cbb37790c91575f4f15757f42ad41d9f729eb227d5edbe89e4ec175486db8dfa"
            ],
            "index": "pypi",
            "version": "==0.7.0"
        },
        "isort": {
            "hashes": [
                "sha256:1153601da39a25b14ddc54955dbbacbb6b2d19135386699e2ad58517953b34af",
                "sha256:b9c40e9750f3d77e6e4d441d8b0266cf555e7cdabdcff33c4fd06366ca761ef8",
                "sha256:ec9ef8f4a9bc6f71eec99e1806bfa2de401650d996c59330782b89a5555c1497"
            ],
            "index": "pypi",
            "version": "==4.3.4"
        },
        "itsdangerous": {
            "hashes": [
                "sha256:321b033d07f2a4136d3ec762eac9f16a10ccd60f53c0c91af90217ace7ba1f19",
                "sha256:b12271b2047cb23eeb98c8b5622e2e5c5e9abd9784a153e9d8ef9cb4dd09d749"
            ],
            "version": "==1.1.0"
        },
        "jinja2": {
            "hashes": [
                "sha256:74c935a1b8bb9a3947c50a54766a969d4846290e1e788ea44c1392163723c3bd",
                "sha256:f84be1bb0040caca4cea721fcbbbbd61f9be9464ca236387158b0feea01914a4"
            ],
            "version": "==2.10"
        },
        "markupsafe": {
            "hashes": [
                "sha256:048ef924c1623740e70204aa7143ec592504045ae4429b59c30054cb31e3c432",
                "sha256:130f844e7f5bdd8e9f3f42e7102ef1d49b2e6fdf0d7526df3f87281a532d8c8b",
                "sha256:19f637c2ac5ae9da8bfd98cef74d64b7e1bb8a63038a3505cd182c3fac5eb4d9",
                "sha256:1b8a7a87ad1b92bd887568ce54b23565f3fd7018c4180136e1cf412b405a47af",
                "sha256:1c25694ca680b6919de53a4bb3bdd0602beafc63ff001fea2f2fc16ec3a11834",
                "sha256:1f19ef5d3908110e1e891deefb5586aae1b49a7440db952454b4e281b41620cd",
                "sha256:1fa6058938190ebe8290e5cae6c351e14e7bb44505c4a7624555ce57fbbeba0d",
                "sha256:31cbb1359e8c25f9f48e156e59e2eaad51cd5242c05ed18a8de6dbe85184e4b7",
                "sha256:3e835d8841ae7863f64e40e19477f7eb398674da6a47f09871673742531e6f4b",
                "sha256:4e97332c9ce444b0c2c38dd22ddc61c743eb208d916e4265a2a3b575bdccb1d3",
                "sha256:525396ee324ee2da82919f2ee9c9e73b012f23e7640131dd1b53a90206a0f09c",
                "sha256:52b07fbc32032c21ad4ab060fec137b76eb804c4b9a1c7c7dc562549306afad2",
                "sha256:52ccb45e77a1085ec5461cde794e1aa037df79f473cbc69b974e73940655c8d7",
                "sha256:5c3fbebd7de20ce93103cb3183b47671f2885307df4a17a0ad56a1dd51273d36",
                "sha256:5e5851969aea17660e55f6a3be00037a25b96a9b44d2083651812c99d53b14d1",
                "sha256:5edfa27b2d3eefa2210fb2f5d539fbed81722b49f083b2c6566455eb7422fd7e",
                "sha256:7d263e5770efddf465a9e31b78362d84d015cc894ca2c131901a4445eaa61ee1",
                "sha256:83381342bfc22b3c8c06f2dd93a505413888694302de25add756254beee8449c",
                "sha256:857eebb2c1dc60e4219ec8e98dfa19553dae33608237e107db9c6078b1167856",
                "sha256:98e439297f78fca3a6169fd330fbe88d78b3bb72f967ad9961bcac0d7fdd1550",
                "sha256:bf54103892a83c64db58125b3f2a43df6d2cb2d28889f14c78519394feb41492",
                "sha256:d9ac82be533394d341b41d78aca7ed0e0f4ba5a2231602e2f05aa87f25c51672",
                "sha256:e982fe07ede9fada6ff6705af70514a52beb1b2c3d25d4e873e82114cf3c5401",
                "sha256:edce2ea7f3dfc981c4ddc97add8a61381d9642dc3273737e756517cc03e84dd6",
                "sha256:efdc45ef1afc238db84cb4963aa689c0408912a0239b0721cb172b4016eb31d6",
                "sha256:f137c02498f8b935892d5c0172560d7ab54bc45039de8805075e19079c639a9c",
                "sha256:f82e347a72f955b7017a39708a3667f106e6ad4d10b25f237396a7115d8ed5fd",
                "sha256:fb7c206e01ad85ce57feeaaa0bf784b97fa3cad0d4a5737bc5295785f5c613a1"
            ],
            "version": "==1.1.0"
        },
        "mccabe": {
            "hashes": [
                "sha256:ab8a6258860da4b6677da4bd2fe5dc2c659cff31b3ee4f7f5d64e79735b80d42",
                "sha256:dd8d182285a0fe56bace7f45b5e7d1a6ebcbf524e8f3bd87eb0f125271b8831f"
            ],
            "version": "==0.6.1"
        },
        "more-itertools": {
            "hashes": [
                "sha256:38a936c0a6d98a38bcc2d03fdaaedaba9f412879461dd2ceff8d37564d6522e4",
                "sha256:c0a5785b1109a6bd7fac76d6837fd1feca158e54e521ccd2ae8bfe393cc9d4fc",
                "sha256:fe7a7cae1ccb57d33952113ff4fa1bc5f879963600ed74918f1236e212ee50b9"
            ],
            "version": "==5.0.0"
        },
        "mypy": {
            "hashes": [
                "sha256:986a7f97808a865405c5fd98fae5ebfa963c31520a56c783df159e9a81e41b3e",
                "sha256:cc5df73cc11d35655a8c364f45d07b13c8db82c000def4bd7721be13356533b4"
            ],
            "index": "pypi",
            "version": "==0.660"
        },
        "mypy-extensions": {
            "hashes": [
                "sha256:37e0e956f41369209a3d5f34580150bcacfabaa57b33a15c0b25f4b5725e0812",
                "sha256:b16cabe759f55e3409a7d231ebd2841378fb0c27a5d1994719e340e4f429ac3e"
            ],
            "version": "==0.4.1"
        },
        "pluggy": {
            "hashes": [
                "sha256:8ddc32f03971bfdf900a81961a48ccf2fb677cf7715108f85295c67405798616",
                "sha256:980710797ff6a041e9a73a5787804f848996ecaa6f8a1b1e08224a5894f2074a"
            ],
            "version": "==0.8.1"
        },
        "py": {
            "hashes": [
                "sha256:bf92637198836372b520efcba9e020c330123be8ce527e535d185ed4b6f45694",
                "sha256:e76826342cefe3c3d5f7e8ee4316b80d1dd8a300781612ddbc765c17ba25a6c6"
            ],
            "version": "==1.7.0"
        },
        "pycodestyle": {
            "hashes": [
                "sha256:cbc619d09254895b0d12c2c691e237b2e91e9b2ecf5e84c26b35400f93dcfb83",
                "sha256:cbfca99bd594a10f674d0cd97a3d802a1fdef635d4361e1a2658de47ed261e3a"
            ],
            "version": "==2.4.0"
        },
        "pycparser": {
            "hashes": [
                "sha256:a988718abfad80b6b157acce7bf130a30876d27603738ac39f140993246b25b3"
            ],
            "version": "==2.19"
        },
        "pyflakes": {
            "hashes": [
                "sha256:9a7662ec724d0120012f6e29d6248ae3727d821bba522a0e6b356eff19126a49",
                "sha256:f661252913bc1dbe7fcfcbf0af0db3f42ab65aabd1a6ca68fe5d466bace94dae"
            ],
            "version": "==2.0.0"
        },
        "pytest": {
            "hashes": [
                "sha256:1d131cc532be0023ef8ae265e2a779938d0619bb6c2510f52987ffcba7fa1ee4",
                "sha256:ca4761407f1acc85ffd1609f464ca20bb71a767803505bd4127d0e45c5a50e23"
            ],
            "index": "pypi",
            "version": "==4.0.1"
        },
        "pytest-asyncio": {
            "hashes": [
                "sha256:9fac5100fd716cbecf6ef89233e8590a4ad61d729d1732e0a96b84182df1daaf",
                "sha256:d734718e25cfc32d2bf78d346e99d33724deeba774cc4afdf491530c6184b63b"
            ],
            "index": "pypi",
            "version": "==0.10.0"
        },
        "pytest-cov": {
            "hashes": [
                "sha256:0ab664b25c6aa9716cbf203b17ddb301932383046082c081b9848a0edf5add33",
                "sha256:230ef817450ab0699c6cc3c9c8f7a829c34674456f2ed8df1fe1d39780f7c87f"
            ],
            "version": "==2.6.1"
        },
        "pytest-cover": {
            "hashes": [
                "sha256:578249955eb3b5f3991209df6e532bb770b647743b7392d3d97698dc02f39ebb",
                "sha256:5bdb6c1cc3dd75583bb7bc2c57f5e1034a1bfcb79d27c71aceb0b16af981dbf4"
            ],
            "version": "==3.0.0"
        },
        "pytest-coverage": {
            "hashes": [
                "sha256:db6af2cbd7e458c7c9fd2b4207cee75258243c8a81cad31a7ee8cfad5be93c05",
                "sha256:dedd084c5e74d8e669355325916dc011539b190355021b037242514dee546368"
            ],
            "index": "pypi",
            "version": "==0.0"
        },
        "raven": {
            "extras": [
                "flask"
            ],
            "hashes": [
                "sha256:3fa6de6efa2493a7c827472e984ce9b020797d0da16f1db67197bcc23c8fae54",
                "sha256:44a13f87670836e153951af9a3c80405d36b43097db869a36e92809673692ce4"
            ],
            "version": "==6.10.0"
        },
        "rope": {
            "hashes": [
                "sha256:a108c445e1cd897fe19272ab7877d172e7faf3d4148c80e7d20faba42ea8f7b2"
            ],
            "index": "pypi",
            "version": "==0.11.0"
        },
        "six": {
            "hashes": [
                "sha256:3350809f0555b11f552448330d0b52d5f24c91a322ea4a15ef22629740f3761c",
                "sha256:d16a0141ec1a18405cd4ce8b4613101da75da0e9a7aec5bdd4fa804d0e0eba73"
            ],
            "version": "==1.12.0"
        },
        "toml": {
            "hashes": [
                "sha256:229f81c57791a41d65e399fc06bf0848bab550a9dfd5ed66df18ce5f05e73d5c",
                "sha256:235682dd292d5899d361a811df37e04a8828a5b1da3115886b73cf81ebc9100e"
            ],
            "version": "==0.10.0"
        },
        "typed-ast": {
            "hashes": [
                "sha256:023625bfa9359e29bd6e24cac2a4503495b49761d48a5f1e38333fc4ac4d93fe",
                "sha256:07591f7a5fdff50e2e566c4c1e9df545c75d21e27d98d18cb405727ed0ef329c",
                "sha256:153e526b0f4ffbfada72d0bb5ffe8574ba02803d2f3a9c605c8cf99dfedd72a2",
                "sha256:3ad2bdcd46a4a1518d7376e9f5016d17718a9ed3c6a3f09203d832f6c165de4a",
                "sha256:3ea98c84df53ada97ee1c5159bb3bc784bd734231235a1ede14c8ae0775049f7",
                "sha256:51a7141ccd076fa561af107cfb7a8b6d06a008d92451a1ac7e73149d18e9a827",
                "sha256:52c93cd10e6c24e7ac97e8615da9f224fd75c61770515cb323316c30830ddb33",
                "sha256:6344c84baeda3d7b33e157f0b292e4dd53d05ddb57a63f738178c01cac4635c9",
                "sha256:64699ca1b3bd5070bdeb043e6d43bc1d0cebe08008548f4a6bee782b0ecce032",
                "sha256:74903f2e56bbffe29282ef8a5487d207d10be0f8513b41aff787d954a4cf91c9",
                "sha256:7891710dba83c29ee2bd51ecaa82f60f6bede40271af781110c08be134207bf2",
                "sha256:91976c56224e26c256a0de0f76d2004ab885a29423737684b4f7ebdd2f46dde2",
                "sha256:9bad678a576ecc71f25eba9f1e3fd8d01c28c12a2834850b458428b3e855f062",
                "sha256:b4726339a4c180a8b6ad9d8b50d2b6dc247e1b79b38fe2290549c98e82e4fd15",
                "sha256:ba36f6aa3f8933edf94ea35826daf92cbb3ec248b89eccdc053d4a815d285357",
                "sha256:bbc96bde544fd19e9ef168e4dfa5c3dfe704bfa78128fa76f361d64d6b0f731a",
                "sha256:c0c927f1e44469056f7f2dada266c79b577da378bbde3f6d2ada726d131e4824",
                "sha256:c0f9a3708008aa59f560fa1bd22385e05b79b8e38e0721a15a8402b089243442",
                "sha256:f0bf6f36ff9c5643004171f11d2fdc745aa3953c5aacf2536a0685db9ceb3fb1",
                "sha256:f5be39a0146be663cbf210a4d95c3c58b2d7df7b043c9047c5448e358f0550a2",
                "sha256:fcd198bf19d9213e5cbf2cde2b9ef20a9856e716f76f9476157f90ae6de06cc6"
            ],
            "version": "==1.2.0"
        },
        "werkzeug": {
            "hashes": [
                "sha256:c3fd7a7d41976d9f44db327260e263132466836cef6f91512889ed60ad26557c",
                "sha256:d5da73735293558eb1651ee2fddc4d0dedcfa06538b8813a2e20011583c9e49b"
            ],
            "version": "==0.14.1"
        }
    }
}
